{
  "nodes": {
    "nixpkgs": {
      "locked": {
        "lastModified": 1690889966,
        "narHash": "sha256-YoJwPRxa/O8/ksLPS/syiU+7RmFR80eTkrkqiGaZ5xM=",
        "owner": "NixOS",
        "repo": "nixpkgs",
        "rev": "af11c51c47abb23e6730b34790fd47dc077b9eda",
        "type": "github"
      },
      "original": {
        "owner": "NixOS",
        "repo": "nixpkgs",
        "type": "github"
      }
    },
    "root": {
      "inputs": {
        "nixpkgs": "nixpkgs"
      }
    }
  },
  "root": "root",
  "version": 7
}
