{
  "nodes": {
    "nixpkgs": {
      "locked": {
        "lastModified": 1693569150,
        "narHash": "sha256-4DUgIj4LQ/idkkgngEIsFGC22s8BO75ttxar+ObnGkY=",
        "owner": "NixOS",
        "repo": "nixpkgs",
        "rev": "2a01448de1c602edb2c40b52cebe25f4c4989426",
        "type": "github"
      },
      "original": {
        "owner": "NixOS",
        "repo": "nixpkgs",
        "type": "github"
      }
    },
    "root": {
      "inputs": {
        "nixpkgs": "nixpkgs"
      }
    }
  },
  "root": "root",
  "version": 7
}
