name: update flake.lock

"on":
  workflow_dispatch:
  schedule:
    # Third day of every third month at noon
    - cron: "0 12 3 */3 *"

jobs:
  main:
    runs-on: ubuntu-latest
    steps:
      - name: check out code
        uses: actions/checkout@d632683dd7b4114ad314bca15554477dd762a938
      - name: install Nix
        uses: DeterminateSystems/nix-installer-action@da36cb69b1c3247ad7a1f931ebfd954a1105ef14
      - name: update flake.lock
        uses: DeterminateSystems/update-flake-lock@a2bbe0274e3a0c4194390a1e445f734c597ebc37
        with:
          token: ${{ secrets.FLAKE_LOCK_UPDATE_ACTION_TOKEN }}
          pr-title: "Update flake.lock"
          pr-labels: |
            automated
            dependencies

permissions:
  contents: read
  pull-requests: write
